<?xml version="1.0" encoding="utf-8"?>
<Project ToolsVersion="4.0" xmlns="http://schemas.microsoft.com/developer/msbuild/2003">
  <ItemGroup>
    <ClCompile Include="Code\camera.cpp" />
    <ClCompile Include="Code\collision.cpp" />
    <ClCompile Include="Code\GameStateManager.cpp" />
    <ClCompile Include="Code\Hook.cpp" />
    <ClCompile Include="Code\Levels\Level1.cpp" />
    <ClCompile Include="Code\ObjectManager.cpp" />
    <ClCompile Include="Code\pch.cpp" />
    <ClCompile Include="Code\physics.cpp" />
    <ClCompile Include="main.cpp" />
    <ClCompile Include="Code\LoadMap.cpp" />
  </ItemGroup>
  <ItemGroup>
    <ClInclude Include="Code\camera.h" />
    <ClInclude Include="Code\collision.h" />
    <ClInclude Include="Code\GameStateList.h" />
    <ClInclude Include="Code\GameStateManager.h" />
    <ClInclude Include="Code\Hook.h" />
    <ClInclude Include="Code\Levels\Level1.h" />
    <ClInclude Include="Code\extern.h" />
    <ClInclude Include="Code\ObjectManager.h" />
    <ClInclude Include="Code\Object_List.h" />
    <ClInclude Include="Code\pch.h" />
    <ClInclude Include="Code\physics.h" />
    <ClInclude Include="Code\LoadMap.h" />
  </ItemGroup>
  <ItemGroup>
    <Filter Include="Source files">
      <UniqueIdentifier>{4a50b9b7-7e1f-4134-a202-97eccc7ecf83}</UniqueIdentifier>
    </Filter>
    <Filter Include="Header files">
      <UniqueIdentifier>{9874461f-e863-44ca-b70a-3defcc117f78}</UniqueIdentifier>
      <Extensions>cpp</Extensions>
    </Filter>
  </ItemGroup>
</Project>