<?xml version="1.0" encoding="utf-8"?>
<Project ToolsVersion="4.0" xmlns="http://schemas.microsoft.com/developer/msbuild/2003">
  <ItemGroup>
    <ClCompile Include="Code\camera.cpp">
      <Filter>Source</Filter>
    </ClCompile>
    <ClCompile Include="Code\enemy.cpp">
      <Filter>Source</Filter>
    </ClCompile>
    <ClCompile Include="Code\GameStateManager.cpp">
      <Filter>Source</Filter>
    </ClCompile>
    <ClCompile Include="Code\Hook.cpp">
      <Filter>Source</Filter>
    </ClCompile>
    <ClCompile Include="Code\Input.cpp">
      <Filter>Source</Filter>
    </ClCompile>
    <ClCompile Include="Code\Levels\Level1.cpp">
      <Filter>Source</Filter>
    </ClCompile>
    <ClCompile Include="Code\Levels\Level3.cpp">
      <Filter>Source</Filter>
    </ClCompile>
    <ClCompile Include="Code\Levels\Level2.cpp">
      <Filter>Source</Filter>
    </ClCompile>
    <ClCompile Include="Code\levelUI.cpp">
      <Filter>Source</Filter>
    </ClCompile>
    <ClCompile Include="Code\LoadMap.cpp">
      <Filter>Source</Filter>
    </ClCompile>
    <ClCompile Include="main.cpp">
      <Filter>Source</Filter>
    </ClCompile>
    <ClCompile Include="Code\menu.cpp">
      <Filter>Source</Filter>
    </ClCompile>
    <ClCompile Include="Code\newrendersystem.cpp">
      <Filter>Source</Filter>
    </ClCompile>
    <ClCompile Include="Code\ObjectManager.cpp">
      <Filter>Source</Filter>
    </ClCompile>
    <ClCompile Include="Code\physics.cpp">
      <Filter>Source</Filter>
    </ClCompile>
    <ClCompile Include="Code\pch.cpp">
      <Filter>Source</Filter>
    </ClCompile>
    <ClCompile Include="Code\music.cpp">
      <Filter>Source</Filter>
    </ClCompile>
    <ClCompile Include="Code\collision.cpp">
      <Filter>Source</Filter>
    </ClCompile>
    <ClCompile Include="Code\intro.cpp">
      <Filter>Source</Filter>
    </ClCompile>
    <ClCompile Include="Code\Levels\Level4.cpp" />
    <ClCompile Include="Code\Levels\Level5.cpp" />
  </ItemGroup>
  <ItemGroup>
    <ClInclude Include="Code\camera.h">
      <Filter>Include</Filter>
    </ClInclude>
    <ClInclude Include="Code\collision.h">
      <Filter>Include</Filter>
    </ClInclude>
    <ClInclude Include="Code\enemy.h">
      <Filter>Include</Filter>
    </ClInclude>
    <ClInclude Include="Code\extern.h">
      <Filter>Include</Filter>
    </ClInclude>
    <ClInclude Include="Code\GameStateList.h">
      <Filter>Include</Filter>
    </ClInclude>
    <ClInclude Include="Code\GameStateManager.h">
      <Filter>Include</Filter>
    </ClInclude>
    <ClInclude Include="Code\Hook.h">
      <Filter>Include</Filter>
    </ClInclude>
    <ClInclude Include="Code\Input.h">
      <Filter>Include</Filter>
    </ClInclude>
    <ClInclude Include="Code\Levels\Level1.h">
      <Filter>Include</Filter>
    </ClInclude>
    <ClInclude Include="Code\Levels\Level2.h">
      <Filter>Include</Filter>
    </ClInclude>
    <ClInclude Include="Code\Levels\Level3.h">
      <Filter>Source</Filter>
    </ClInclude>
    <ClInclude Include="Code\levelUI.h">
      <Filter>Include</Filter>
    </ClInclude>
    <ClInclude Include="Code\LoadMap.h">
      <Filter>Include</Filter>
    </ClInclude>
    <ClInclude Include="Code\menu.h">
      <Filter>Include</Filter>
    </ClInclude>
    <ClInclude Include="Code\music.h">
      <Filter>Include</Filter>
    </ClInclude>
    <ClInclude Include="Code\newrendersystem.h">
      <Filter>Include</Filter>
    </ClInclude>
    <ClInclude Include="Code\ObjectManager.h">
      <Filter>Include</Filter>
    </ClInclude>
    <ClInclude Include="Code\pch.h">
      <Filter>Include</Filter>
    </ClInclude>
    <ClInclude Include="Code\physics.h">
      <Filter>Include</Filter>
    </ClInclude>
    <ClInclude Include="Code\intro.h">
      <Filter>Include</Filter>
    </ClInclude>
    <ClInclude Include="Code\Levels\Level4.h" />
    <ClInclude Include="Code\Levels\Level5.h" />
  </ItemGroup>
  <ItemGroup>
    <Filter Include="Include">
      <UniqueIdentifier>{e2806fc2-e04d-4c9a-9064-fa3c2bf7ff6f}</UniqueIdentifier>
    </Filter>
    <Filter Include="Source">
      <UniqueIdentifier>{9fe5b1f2-d6ce-4e6f-8b09-7a6ce126d93f}</UniqueIdentifier>
    </Filter>
  </ItemGroup>
  <ItemGroup>
    <Image Include="Images\4testimages - Copy.png" />
    <Image Include="Images\4testimagesfortest left.png" />
    <Image Include="Images\4testimagesfortest.png" />
    <Image Include="Images\4testimagesjump - Copy.png" />
    <Image Include="Images\4testimagesjump.png" />
    <Image Include="Images\4testimagesjumpleft.png" />
    <Image Include="Images\4testimagesleft.png" />
    <Image Include="Images\4testimagesreverse.png" />
    <Image Include="Images\4testimagesstart.png" />
    <Image Include="Images\4testimagesthrowleft.png" />
    <Image Include="Images\4testimageswining.png" />
    <Image Include="Images\4testimageswiningleft.png" />
    <Image Include="Images\4testimageswiningright.png" />
    <Image Include="Images\Background_2.png" />
    <Image Include="Images\Button_Original.png" />
    <Image Include="Images\Button1.png" />
    <Image Include="Images\Button2.png" />
    <Image Include="Images\Character_Original.png" />
    <Image Include="Images\Credits.png" />
    <Image Include="Images\DigiPen_Singapore_WEB_RED.png" />
    <Image Include="Images\Door.png" />
    <Image Include="Images\Floor1_3.png" />
    <Image Include="Images\Floor2_2.png" />
    <Image Include="Images\Guides.png" />
    <Image Include="Images\skitter.png" />
    <Image Include="Images\Spikes.png" />
    <Image Include="Images\Title.png" />
    <Image Include="Images\skitterside.png" />
    <Image Include="Images\skittersprite.png" />
    <Image Include="Images\skitterspritereverse.png" />
  </ItemGroup>
  <ItemGroup>
    <Text Include="Levels\Level_1.txt" />
    <Text Include="Levels\Level_2.txt" />
    <Text Include="Levels\Level_3.txt" />
    <Text Include="Levels\Level_4.txt" />
    <Text Include="Levels\Level_5.txt" />
    <Text Include="Levels\Level_Design.txt" />
    <Text Include="Levels\test_level.txt" />
  </ItemGroup>
  <ItemGroup>
    <None Include="Images\skittersprite.psd" />
  </ItemGroup>
</Project>